
Microsoft Visual Studio Solution File, Format Version 12.00
# Visual Studio Version 17
VisualStudioVersion = 17.10.34928.147
MinimumVisualStudioVersion = 10.0.40219.1
Project("{FAE04EC0-301F-11D3-BF4B-00C04F79EFBC}") = "ArrayBasic", "ArrayBasic\ArrayBasic.csproj", "{18E95BC9-4B50-4BB0-BF6C-F81376336C15}"
EndProject
Project("{FAE04EC0-301F-11D3-BF4B-00C04F79EFBC}") = "ArrayStudent", "ArrayStudent\ArrayStudent.csproj", "{AECF8206-F9DC-49EE-A931-001DA6D9B19C}"
EndProject
Global
	GlobalSection(SolutionConfigurationPlatforms) = preSolution
		Debug|Any CPU = Debug|Any CPU
		Release|Any CPU = Release|Any CPU
	EndGlobalSection
	GlobalSection(ProjectConfigurationPlatforms) = postSolution
		{18E95BC9-4B50-4BB0-BF6C-F81376336C15}.Debug|Any CPU.ActiveCfg = Debug|Any CPU
		{18E95BC9-4B50-4BB0-BF6C-F81376336C15}.Debug|Any CPU.Build.0 = Debug|Any CPU
		{18E95BC9-4B50-4BB0-BF6C-F81376336C15}.Release|Any CPU.ActiveCfg = Release|Any CPU
		{18E95BC9-4B50-4BB0-BF6C-F81376336C15}.Release|Any CPU.Build.0 = Release|Any CPU
		{AECF8206-F9DC-49EE-A931-001DA6D9B19C}.Debug|Any CPU.ActiveCfg = Debug|Any CPU
		{AECF8206-F9DC-49EE-A931-001DA6D9B19C}.Debug|Any CPU.Build.0 = Debug|Any CPU
		{AECF8206-F9DC-49EE-A931-001DA6D9B19C}.Release|Any CPU.ActiveCfg = Release|Any CPU
		{AECF8206-F9DC-49EE-A931-001DA6D9B19C}.Release|Any CPU.Build.0 = Release|Any CPU
	EndGlobalSection
	GlobalSection(SolutionProperties) = preSolution
		HideSolutionNode = FALSE
	EndGlobalSection
	GlobalSection(ExtensibilityGlobals) = postSolution
		SolutionGuid = {70092002-35EF-4CAA-9E83-8DDCB507C365}
	EndGlobalSection
EndGlobal
