
Microsoft Visual Studio Solution File, Format Version 12.00
# Visual Studio Version 17
VisualStudioVersion = 17.9.34728.123
MinimumVisualStudioVersion = 10.0.40219.1
Project("{9A19103F-16F7-4668-BE54-9A1E7A4F7556}") = "Integers", "Integers\Integers.csproj", "{FF5ED331-3EF5-45A5-BF7A-A5AE6A37E22F}"
EndProject
Project("{9A19103F-16F7-4668-BE54-9A1E7A4F7556}") = "IntegersOut", "IntegersOut\IntegersOut.csproj", "{B3AF8A43-B2F5-4D2A-87C2-5DFFC34560BC}"
EndProject
Project("{9A19103F-16F7-4668-BE54-9A1E7A4F7556}") = "IntegersOutV2", "IntegersOutV2\IntegersOutV2.csproj", "{ED90840B-78CE-4155-B806-A7EF8A7407EB}"
EndProject
Project("{FAE04EC0-301F-11D3-BF4B-00C04F79EFBC}") = "IntegersRef", "IntegersRef\IntegersRef.csproj", "{E19B2A48-AF9C-4F39-A178-E5BEC87614FC}"
EndProject
Global
	GlobalSection(SolutionConfigurationPlatforms) = preSolution
		Debug|Any CPU = Debug|Any CPU
		Release|Any CPU = Release|Any CPU
	EndGlobalSection
	GlobalSection(ProjectConfigurationPlatforms) = postSolution
		{FF5ED331-3EF5-45A5-BF7A-A5AE6A37E22F}.Debug|Any CPU.ActiveCfg = Debug|Any CPU
		{FF5ED331-3EF5-45A5-BF7A-A5AE6A37E22F}.Debug|Any CPU.Build.0 = Debug|Any CPU
		{FF5ED331-3EF5-45A5-BF7A-A5AE6A37E22F}.Release|Any CPU.ActiveCfg = Release|Any CPU
		{FF5ED331-3EF5-45A5-BF7A-A5AE6A37E22F}.Release|Any CPU.Build.0 = Release|Any CPU
		{B3AF8A43-B2F5-4D2A-87C2-5DFFC34560BC}.Debug|Any CPU.ActiveCfg = Debug|Any CPU
		{B3AF8A43-B2F5-4D2A-87C2-5DFFC34560BC}.Debug|Any CPU.Build.0 = Debug|Any CPU
		{B3AF8A43-B2F5-4D2A-87C2-5DFFC34560BC}.Release|Any CPU.ActiveCfg = Release|Any CPU
		{B3AF8A43-B2F5-4D2A-87C2-5DFFC34560BC}.Release|Any CPU.Build.0 = Release|Any CPU
		{ED90840B-78CE-4155-B806-A7EF8A7407EB}.Debug|Any CPU.ActiveCfg = Debug|Any CPU
		{ED90840B-78CE-4155-B806-A7EF8A7407EB}.Debug|Any CPU.Build.0 = Debug|Any CPU
		{ED90840B-78CE-4155-B806-A7EF8A7407EB}.Release|Any CPU.ActiveCfg = Release|Any CPU
		{ED90840B-78CE-4155-B806-A7EF8A7407EB}.Release|Any CPU.Build.0 = Release|Any CPU
		{E19B2A48-AF9C-4F39-A178-E5BEC87614FC}.Debug|Any CPU.ActiveCfg = Debug|Any CPU
		{E19B2A48-AF9C-4F39-A178-E5BEC87614FC}.Debug|Any CPU.Build.0 = Debug|Any CPU
		{E19B2A48-AF9C-4F39-A178-E5BEC87614FC}.Release|Any CPU.ActiveCfg = Release|Any CPU
		{E19B2A48-AF9C-4F39-A178-E5BEC87614FC}.Release|Any CPU.Build.0 = Release|Any CPU
	EndGlobalSection
	GlobalSection(SolutionProperties) = preSolution
		HideSolutionNode = FALSE
	EndGlobalSection
	GlobalSection(ExtensibilityGlobals) = postSolution
		SolutionGuid = {E18940DA-B148-47D3-811F-213EAE5B2E9D}
	EndGlobalSection
EndGlobal
