
Microsoft Visual Studio Solution File, Format Version 12.00
# Visual Studio Version 17
VisualStudioVersion = 17.10.34928.147
MinimumVisualStudioVersion = 10.0.40219.1
Project("{9A19103F-16F7-4668-BE54-9A1E7A4F7556}") = "ListBasic", "ListBasic\ListBasic.csproj", "{2833504A-53D2-4897-8357-4AF27C0E83B8}"
EndProject
Project("{FAE04EC0-301F-11D3-BF4B-00C04F79EFBC}") = "FUerManager", "FUerManager\FUerManager.csproj", "{75FB3251-A74D-4624-8565-901D2E787B93}"
EndProject
Global
	GlobalSection(SolutionConfigurationPlatforms) = preSolution
		Debug|Any CPU = Debug|Any CPU
		Release|Any CPU = Release|Any CPU
	EndGlobalSection
	GlobalSection(ProjectConfigurationPlatforms) = postSolution
		{2833504A-53D2-4897-8357-4AF27C0E83B8}.Debug|Any CPU.ActiveCfg = Debug|Any CPU
		{2833504A-53D2-4897-8357-4AF27C0E83B8}.Debug|Any CPU.Build.0 = Debug|Any CPU
		{2833504A-53D2-4897-8357-4AF27C0E83B8}.Release|Any CPU.ActiveCfg = Release|Any CPU
		{2833504A-53D2-4897-8357-4AF27C0E83B8}.Release|Any CPU.Build.0 = Release|Any CPU
		{75FB3251-A74D-4624-8565-901D2E787B93}.Debug|Any CPU.ActiveCfg = Debug|Any CPU
		{75FB3251-A74D-4624-8565-901D2E787B93}.Debug|Any CPU.Build.0 = Debug|Any CPU
		{75FB3251-A74D-4624-8565-901D2E787B93}.Release|Any CPU.ActiveCfg = Release|Any CPU
		{75FB3251-A74D-4624-8565-901D2E787B93}.Release|Any CPU.Build.0 = Release|Any CPU
	EndGlobalSection
	GlobalSection(SolutionProperties) = preSolution
		HideSolutionNode = FALSE
	EndGlobalSection
	GlobalSection(ExtensibilityGlobals) = postSolution
		SolutionGuid = {544592DC-461C-47BF-BC69-19CCA4E7F216}
	EndGlobalSection
EndGlobal
