
Microsoft Visual Studio Solution File, Format Version 12.00
# Visual Studio Version 17
VisualStudioVersion = 17.10.34928.147
MinimumVisualStudioVersion = 10.0.40219.1
Project("{9A19103F-16F7-4668-BE54-9A1E7A4F7556}") = "BookManager", "BookManager\BookManager.csproj", "{044BDAD9-9590-478F-9045-9B7E33DFDB2A}"
EndProject
Project("{9A19103F-16F7-4668-BE54-9A1E7A4F7556}") = "Repositories", "Repositories\Repositories.csproj", "{73F20B42-9E72-4C51-AC2C-BB04CB1A8512}"
EndProject
Project("{FAE04EC0-301F-11D3-BF4B-00C04F79EFBC}") = "BookManagerGUIForms", "BookManagerGUIForms\BookManagerGUIForms.csproj", "{350437E7-2A5F-4F31-A244-F87E72DFCBF6}"
EndProject
Global
	GlobalSection(SolutionConfigurationPlatforms) = preSolution
		Debug|Any CPU = Debug|Any CPU
		Release|Any CPU = Release|Any CPU
	EndGlobalSection
	GlobalSection(ProjectConfigurationPlatforms) = postSolution
		{044BDAD9-9590-478F-9045-9B7E33DFDB2A}.Debug|Any CPU.ActiveCfg = Debug|Any CPU
		{044BDAD9-9590-478F-9045-9B7E33DFDB2A}.Debug|Any CPU.Build.0 = Debug|Any CPU
		{044BDAD9-9590-478F-9045-9B7E33DFDB2A}.Release|Any CPU.ActiveCfg = Release|Any CPU
		{044BDAD9-9590-478F-9045-9B7E33DFDB2A}.Release|Any CPU.Build.0 = Release|Any CPU
		{73F20B42-9E72-4C51-AC2C-BB04CB1A8512}.Debug|Any CPU.ActiveCfg = Debug|Any CPU
		{73F20B42-9E72-4C51-AC2C-BB04CB1A8512}.Debug|Any CPU.Build.0 = Debug|Any CPU
		{73F20B42-9E72-4C51-AC2C-BB04CB1A8512}.Release|Any CPU.ActiveCfg = Release|Any CPU
		{73F20B42-9E72-4C51-AC2C-BB04CB1A8512}.Release|Any CPU.Build.0 = Release|Any CPU
		{350437E7-2A5F-4F31-A244-F87E72DFCBF6}.Debug|Any CPU.ActiveCfg = Debug|Any CPU
		{350437E7-2A5F-4F31-A244-F87E72DFCBF6}.Debug|Any CPU.Build.0 = Debug|Any CPU
		{350437E7-2A5F-4F31-A244-F87E72DFCBF6}.Release|Any CPU.ActiveCfg = Release|Any CPU
		{350437E7-2A5F-4F31-A244-F87E72DFCBF6}.Release|Any CPU.Build.0 = Release|Any CPU
	EndGlobalSection
	GlobalSection(SolutionProperties) = preSolution
		HideSolutionNode = FALSE
	EndGlobalSection
	GlobalSection(ExtensibilityGlobals) = postSolution
		SolutionGuid = {47CD2EF3-878F-41E4-98D3-4087742E4E19}
	EndGlobalSection
EndGlobal
